
Microsoft Visual Studio Solution File, Format Version 12.00
# Visual Studio Version 17
VisualStudioVersion = 17.7.34031.279
MinimumVisualStudioVersion = 10.0.40219.1
Project("{FAE04EC0-301F-11D3-BF4B-00C04F79EFBC}") = "MarcelJoachimKloubert.DWAD", "External\dwad-net\MarcelJoachimKloubert.DWAD\MarcelJoachimKloubert.DWAD.csproj", "{0C878352-4AB1-49F4-BEEA-9AA82A48A86C}"
EndProject
Project("{FAE04EC0-301F-11D3-BF4B-00C04F79EFBC}") = "WDL2CS", "External\WDL2CS\code\WDL2CS.csproj", "{D128E7C3-C81F-44EF-B7BD-A30CD240DB61}"
EndProject
Project("{FAE04EC0-301F-11D3-BF4B-00C04F79EFBC}") = "WADCommon", "WADCommon\WADCommon\WADCommon.csproj", "{AD312047-F48A-4F91-8E1F-3A59FE4202C2}"
EndProject
Project("{FAE04EC0-301F-11D3-BF4B-00C04F79EFBC}") = "WAD2WMP", "WAD2WMP\WAD2WMP\WAD2WMP.csproj", "{07266ADD-9E86-41D2-AE71-0F16C8FC2FC8}"
EndProject
Project("{FAE04EC0-301F-11D3-BF4B-00C04F79EFBC}") = "WDL2WAD", "WDL2WAD\WDL2WAD\WDL2WAD.csproj", "{F3E2B17E-07C8-47CC-9DC2-FD013FD72F63}"
EndProject
Project("{FAE04EC0-301F-11D3-BF4B-00C04F79EFBC}") = "BmArrayLoader", "External\BmArrayLoader\BmArrayLoader.csproj", "{95024FA9-2B2A-4700-BCDE-770E23A7729F}"
EndProject
Project("{9A19103F-16F7-4668-BE54-9A1E7A4F7556}") = "UdmfParsing", "External\UdmfParsing\UdmfParsing.csproj", "{CB35E8FB-F2BD-450F-BF4D-B4B0FC74CAA2}"
EndProject
Global
	GlobalSection(SolutionConfigurationPlatforms) = preSolution
		Debug|Any CPU = Debug|Any CPU
		Debug|x86 = Debug|x86
		Release|Any CPU = Release|Any CPU
		Release|x86 = Release|x86
	EndGlobalSection
	GlobalSection(ProjectConfigurationPlatforms) = postSolution
		{0C878352-4AB1-49F4-BEEA-9AA82A48A86C}.Debug|Any CPU.ActiveCfg = Debug|Any CPU
		{0C878352-4AB1-49F4-BEEA-9AA82A48A86C}.Debug|Any CPU.Build.0 = Debug|Any CPU
		{0C878352-4AB1-49F4-BEEA-9AA82A48A86C}.Debug|x86.ActiveCfg = Debug|Any CPU
		{0C878352-4AB1-49F4-BEEA-9AA82A48A86C}.Debug|x86.Build.0 = Debug|Any CPU
		{0C878352-4AB1-49F4-BEEA-9AA82A48A86C}.Release|Any CPU.ActiveCfg = Release|Any CPU
		{0C878352-4AB1-49F4-BEEA-9AA82A48A86C}.Release|Any CPU.Build.0 = Release|Any CPU
		{0C878352-4AB1-49F4-BEEA-9AA82A48A86C}.Release|x86.ActiveCfg = Release|Any CPU
		{0C878352-4AB1-49F4-BEEA-9AA82A48A86C}.Release|x86.Build.0 = Release|Any CPU
		{D128E7C3-C81F-44EF-B7BD-A30CD240DB61}.Debug|Any CPU.ActiveCfg = Debug|x86
		{D128E7C3-C81F-44EF-B7BD-A30CD240DB61}.Debug|Any CPU.Build.0 = Debug|x86
		{D128E7C3-C81F-44EF-B7BD-A30CD240DB61}.Debug|x86.ActiveCfg = Debug|x86
		{D128E7C3-C81F-44EF-B7BD-A30CD240DB61}.Debug|x86.Build.0 = Debug|x86
		{D128E7C3-C81F-44EF-B7BD-A30CD240DB61}.Release|Any CPU.ActiveCfg = Release|x86
		{D128E7C3-C81F-44EF-B7BD-A30CD240DB61}.Release|Any CPU.Build.0 = Release|x86
		{D128E7C3-C81F-44EF-B7BD-A30CD240DB61}.Release|x86.ActiveCfg = Release|x86
		{D128E7C3-C81F-44EF-B7BD-A30CD240DB61}.Release|x86.Build.0 = Release|x86
		{AD312047-F48A-4F91-8E1F-3A59FE4202C2}.Debug|Any CPU.ActiveCfg = Debug|Any CPU
		{AD312047-F48A-4F91-8E1F-3A59FE4202C2}.Debug|Any CPU.Build.0 = Debug|Any CPU
		{AD312047-F48A-4F91-8E1F-3A59FE4202C2}.Debug|x86.ActiveCfg = Debug|Any CPU
		{AD312047-F48A-4F91-8E1F-3A59FE4202C2}.Debug|x86.Build.0 = Debug|Any CPU
		{AD312047-F48A-4F91-8E1F-3A59FE4202C2}.Release|Any CPU.ActiveCfg = Release|Any CPU
		{AD312047-F48A-4F91-8E1F-3A59FE4202C2}.Release|Any CPU.Build.0 = Release|Any CPU
		{AD312047-F48A-4F91-8E1F-3A59FE4202C2}.Release|x86.ActiveCfg = Release|Any CPU
		{AD312047-F48A-4F91-8E1F-3A59FE4202C2}.Release|x86.Build.0 = Release|Any CPU
		{07266ADD-9E86-41D2-AE71-0F16C8FC2FC8}.Debug|Any CPU.ActiveCfg = Debug|Any CPU
		{07266ADD-9E86-41D2-AE71-0F16C8FC2FC8}.Debug|Any CPU.Build.0 = Debug|Any CPU
		{07266ADD-9E86-41D2-AE71-0F16C8FC2FC8}.Debug|x86.ActiveCfg = Debug|Any CPU
		{07266ADD-9E86-41D2-AE71-0F16C8FC2FC8}.Debug|x86.Build.0 = Debug|Any CPU
		{07266ADD-9E86-41D2-AE71-0F16C8FC2FC8}.Release|Any CPU.ActiveCfg = Release|Any CPU
		{07266ADD-9E86-41D2-AE71-0F16C8FC2FC8}.Release|Any CPU.Build.0 = Release|Any CPU
		{07266ADD-9E86-41D2-AE71-0F16C8FC2FC8}.Release|x86.ActiveCfg = Release|Any CPU
		{07266ADD-9E86-41D2-AE71-0F16C8FC2FC8}.Release|x86.Build.0 = Release|Any CPU
		{F3E2B17E-07C8-47CC-9DC2-FD013FD72F63}.Debug|Any CPU.ActiveCfg = Debug|Any CPU
		{F3E2B17E-07C8-47CC-9DC2-FD013FD72F63}.Debug|Any CPU.Build.0 = Debug|Any CPU
		{F3E2B17E-07C8-47CC-9DC2-FD013FD72F63}.Debug|x86.ActiveCfg = Debug|Any CPU
		{F3E2B17E-07C8-47CC-9DC2-FD013FD72F63}.Debug|x86.Build.0 = Debug|Any CPU
		{F3E2B17E-07C8-47CC-9DC2-FD013FD72F63}.Release|Any CPU.ActiveCfg = Release|Any CPU
		{F3E2B17E-07C8-47CC-9DC2-FD013FD72F63}.Release|Any CPU.Build.0 = Release|Any CPU
		{F3E2B17E-07C8-47CC-9DC2-FD013FD72F63}.Release|x86.ActiveCfg = Release|Any CPU
		{F3E2B17E-07C8-47CC-9DC2-FD013FD72F63}.Release|x86.Build.0 = Release|Any CPU
		{95024FA9-2B2A-4700-BCDE-770E23A7729F}.Debug|Any CPU.ActiveCfg = Debug|Any CPU
		{95024FA9-2B2A-4700-BCDE-770E23A7729F}.Debug|Any CPU.Build.0 = Debug|Any CPU
		{95024FA9-2B2A-4700-BCDE-770E23A7729F}.Debug|x86.ActiveCfg = Debug|Any CPU
		{95024FA9-2B2A-4700-BCDE-770E23A7729F}.Debug|x86.Build.0 = Debug|Any CPU
		{95024FA9-2B2A-4700-BCDE-770E23A7729F}.Release|Any CPU.ActiveCfg = Release|Any CPU
		{95024FA9-2B2A-4700-BCDE-770E23A7729F}.Release|Any CPU.Build.0 = Release|Any CPU
		{95024FA9-2B2A-4700-BCDE-770E23A7729F}.Release|x86.ActiveCfg = Release|Any CPU
		{95024FA9-2B2A-4700-BCDE-770E23A7729F}.Release|x86.Build.0 = Release|Any CPU
		{CB35E8FB-F2BD-450F-BF4D-B4B0FC74CAA2}.Debug|Any CPU.ActiveCfg = Debug|Any CPU
		{CB35E8FB-F2BD-450F-BF4D-B4B0FC74CAA2}.Debug|Any CPU.Build.0 = Debug|Any CPU
		{CB35E8FB-F2BD-450F-BF4D-B4B0FC74CAA2}.Debug|x86.ActiveCfg = Debug|Any CPU
		{CB35E8FB-F2BD-450F-BF4D-B4B0FC74CAA2}.Debug|x86.Build.0 = Debug|Any CPU
		{CB35E8FB-F2BD-450F-BF4D-B4B0FC74CAA2}.Release|Any CPU.ActiveCfg = Release|Any CPU
		{CB35E8FB-F2BD-450F-BF4D-B4B0FC74CAA2}.Release|Any CPU.Build.0 = Release|Any CPU
		{CB35E8FB-F2BD-450F-BF4D-B4B0FC74CAA2}.Release|x86.ActiveCfg = Release|Any CPU
		{CB35E8FB-F2BD-450F-BF4D-B4B0FC74CAA2}.Release|x86.Build.0 = Release|Any CPU
	EndGlobalSection
	GlobalSection(SolutionProperties) = preSolution
		HideSolutionNode = FALSE
	EndGlobalSection
	GlobalSection(ExtensibilityGlobals) = postSolution
		SolutionGuid = {CD40996D-B2A3-47D4-944E-CA33251E8D29}
	EndGlobalSection
EndGlobal
